
Microsoft Visual Studio Solution File, Format Version 12.00
# Visual Studio Version 17
VisualStudioVersion = 17.11.35303.130
MinimumVisualStudioVersion = 10.0.40219.1
Project("{2150E333-8FDC-42A3-9474-1A3956D46DE8}") = "Task0", "Task0", "{03436931-BADB-4A73-BCF0-2F9B1B8A8B73}"
EndProject
Project("{9A19103F-16F7-4668-BE54-9A1E7A4F7556}") = "Tyuiu.YakimukVV.Sprint5.Task0.V23", "Tyuiu.YakimukVV.Sprint5.Task0.V23\Tyuiu.YakimukVV.Sprint5.Task0.V23.csproj", "{FE850174-EB1C-44C3-9FCE-D39EF72E2134}"
EndProject
Project("{9A19103F-16F7-4668-BE54-9A1E7A4F7556}") = "Tyuiu.YakimukVV.Sprint5.Task0.V23.Lib", "Tyuiu.YakimukVV.Sprint5.Task0.V23.Lib\Tyuiu.YakimukVV.Sprint5.Task0.V23.Lib.csproj", "{4B9262A2-B173-4B6E-B8EF-5A1317B278DF}"
EndProject
Project("{9A19103F-16F7-4668-BE54-9A1E7A4F7556}") = "Tyuiu.YakimukVV.Sprint5.Task0.V23.Test", "Tyuiu.YakimukVV.Sprint5.Task0.V23.Test\Tyuiu.YakimukVV.Sprint5.Task0.V23.Test.csproj", "{81B341E3-3832-4FA1-895D-1FB91E1AFF8E}"
EndProject
Project("{2150E333-8FDC-42A3-9474-1A3956D46DE8}") = "Task1", "Task1", "{047393D8-7D9E-4E47-B7BD-634A29DD9BA5}"
EndProject
Project("{9A19103F-16F7-4668-BE54-9A1E7A4F7556}") = "Tyuiu.YakimukVV.Sprint5.Task1.V20", "Tyuiu.YakimukVV.Sprint5.Task1.V20\Tyuiu.YakimukVV.Sprint5.Task1.V20.csproj", "{D7D01CDD-44DD-42A4-B3EE-AD5085FF55AE}"
EndProject
Project("{9A19103F-16F7-4668-BE54-9A1E7A4F7556}") = "Tyuiu.YakimukVV.Sprint5.Task1.V20.Lib", "Tyuiu.YakimukVV.Sprint5.Task1.V20.Lib\Tyuiu.YakimukVV.Sprint5.Task1.V20.Lib.csproj", "{500E08DC-B362-4665-92AD-530B5C21685B}"
EndProject
Project("{9A19103F-16F7-4668-BE54-9A1E7A4F7556}") = "Tyuiu.YakimukVV.Sprint5.Task1.V20.Test", "Tyuiu.YakimukVV.Sprint5.Task1.V20.Test\Tyuiu.YakimukVV.Sprint5.Task1.V20.Test.csproj", "{F907F60F-7674-4A16-B060-C0DFB859DE44}"
EndProject
Project("{2150E333-8FDC-42A3-9474-1A3956D46DE8}") = "Task2", "Task2", "{C8A43D63-FD07-4ECB-B580-420D47FFCBAA}"
EndProject
Project("{9A19103F-16F7-4668-BE54-9A1E7A4F7556}") = "Tyuiu.YakimukVV.Sprint5.Task2.V19", "Tyuiu.YakimukVV.Sprint5.Task2.V19\Tyuiu.YakimukVV.Sprint5.Task2.V19.csproj", "{521C3489-D1D8-4AE8-9DED-B81CEECDC540}"
EndProject
Project("{9A19103F-16F7-4668-BE54-9A1E7A4F7556}") = "Tyuiu.YakimukVV.Sprint5.Task2.V19.Test", "Tyuiu.YakimukVV.Sprint5.Task2.V19.Test\Tyuiu.YakimukVV.Sprint5.Task2.V19.Test.csproj", "{0A965048-C4F3-4C05-B4A0-317AD452B190}"
EndProject
Project("{9A19103F-16F7-4668-BE54-9A1E7A4F7556}") = "Tyuiu.YakimukVV.Sprint5.Task2.V19.Lib", "Tyuiu.YakimukVV.Sprint5.Task2.V19.Lib\Tyuiu.YakimukVV.Sprint5.Task2.V19.Lib.csproj", "{683905F5-D034-4FBA-BDB3-60BCBA05D3F7}"
EndProject
Project("{2150E333-8FDC-42A3-9474-1A3956D46DE8}") = "Task3", "Task3", "{52BB4FB9-4076-4F7E-887E-86A8A9A1C939}"
EndProject
Project("{9A19103F-16F7-4668-BE54-9A1E7A4F7556}") = "Tyuiu.YakimukVV.Sprint5.Task3.V20", "Tyuiu.YakimukVV.Sprint5.Task3.V20\Tyuiu.YakimukVV.Sprint5.Task3.V20.csproj", "{5576765E-E621-4A0F-B055-CB1650163AEB}"
EndProject
Project("{9A19103F-16F7-4668-BE54-9A1E7A4F7556}") = "Tyuiu.YakimukVV.Sprint5.Task3.V20.Lib", "Tyuiu.YakimukVV.Sprint5.Task3.V20.Lib\Tyuiu.YakimukVV.Sprint5.Task3.V20.Lib.csproj", "{209497F9-BBFC-4A7D-B614-A612D95C146D}"
EndProject
Project("{9A19103F-16F7-4668-BE54-9A1E7A4F7556}") = "Tyuiu.YakimukVV.Sprint5.Task3.V20.Test", "Tyuiu.YakimukVV.Sprint5.Task3.V20.Test\Tyuiu.YakimukVV.Sprint5.Task3.V20.Test.csproj", "{0EAE015A-B21F-4D02-88E0-6169CA40121C}"
EndProject
Project("{2150E333-8FDC-42A3-9474-1A3956D46DE8}") = "Task4", "Task4", "{49DF009C-DACA-44D5-BEB9-735B85C6459C}"
EndProject
Project("{9A19103F-16F7-4668-BE54-9A1E7A4F7556}") = "Tyuiu.YakimukVV.Sprint5.Task4.V23", "Tyuiu.YakimukVV.Sprint5.Task4.V23\Tyuiu.YakimukVV.Sprint5.Task4.V23.csproj", "{1F3F40C1-D180-4DF5-84C6-ABBEB6170313}"
EndProject
Project("{9A19103F-16F7-4668-BE54-9A1E7A4F7556}") = "Tyuiu.YakimukVV.Sprint5.Task4.V23.Test", "Tyuiu.YakimukVV.Sprint5.Task4.V23.Test\Tyuiu.YakimukVV.Sprint5.Task4.V23.Test.csproj", "{8BC0E2AD-C75B-459F-9D1B-B68F3D79DB52}"
EndProject
Project("{9A19103F-16F7-4668-BE54-9A1E7A4F7556}") = "Tyuiu.YakimukVV.Sprint5.Task4.V23.Lib", "Tyuiu.YakimukVV.Sprint5.Task4.V23.Lib\Tyuiu.YakimukVV.Sprint5.Task4.V23.Lib.csproj", "{59C863BC-B3EA-4542-BCEC-3DB053CA26C3}"
EndProject
Project("{2150E333-8FDC-42A3-9474-1A3956D46DE8}") = "Task5", "Task5", "{0514C833-5C0A-4556-92DC-65715095E322}"
EndProject
Project("{9A19103F-16F7-4668-BE54-9A1E7A4F7556}") = "Tyuiu.YakimukVV.Sprint5.Task5.V13", "Tyuiu.YakimukVV.Sprint5.Task5.V13\Tyuiu.YakimukVV.Sprint5.Task5.V13.csproj", "{9B94B23B-4606-429E-AC5D-FE08F0E5E798}"
EndProject
Project("{9A19103F-16F7-4668-BE54-9A1E7A4F7556}") = "Tyuiu.YakimukVV.Sprint5.Task5.V13.Lib", "Tyuiu.YakimukVV.Sprint5.Task5.V13.Lib\Tyuiu.YakimukVV.Sprint5.Task5.V13.Lib.csproj", "{E75C3194-D6F4-4D37-8E3F-021E900C0509}"
EndProject
Project("{9A19103F-16F7-4668-BE54-9A1E7A4F7556}") = "Tyuiu.YakimukVV.Sprint5.Task5.V13.Test", "Tyuiu.YakimukVV.Sprint5.Task5.V13.Test\Tyuiu.YakimukVV.Sprint5.Task5.V13.Test.csproj", "{DB2B239C-FE97-4F62-B651-ED8AD7FB6F01}"
EndProject
Project("{2150E333-8FDC-42A3-9474-1A3956D46DE8}") = "Task6", "Task6", "{912CFD80-9685-4249-BEAA-F276D773B012}"
EndProject
Project("{FAE04EC0-301F-11D3-BF4B-00C04F79EFBC}") = "Tyuiu.YakimukVV.Sprint5.Task6.V17", "Tyuiu.YakimukVV.Sprint5.Task6.V17\Tyuiu.YakimukVV.Sprint5.Task6.V17.csproj", "{81C50653-4483-4EC6-AD8E-382175932C58}"
EndProject
Project("{FAE04EC0-301F-11D3-BF4B-00C04F79EFBC}") = "Tyuiu.YakimukVV.Sprint5.Task6.V17.Test", "Tyuiu.YakimukVV.Sprint5.Task6.V17.Test\Tyuiu.YakimukVV.Sprint5.Task6.V17.Test.csproj", "{A899B211-A09B-4DE5-881F-CE4959765D02}"
EndProject
Project("{FAE04EC0-301F-11D3-BF4B-00C04F79EFBC}") = "Tyuiu.YakimukVV.Sprint5.Task6.V17.Lib", "Tyuiu.YakimukVV.Sprint5.Task6.V17.Lib\Tyuiu.YakimukVV.Sprint5.Task6.V17.Lib.csproj", "{D8DF83A5-5974-4B3F-B778-9A400F8B1867}"
EndProject
Project("{2150E333-8FDC-42A3-9474-1A3956D46DE8}") = "Task7", "Task7", "{8156E6A9-8C61-4DFE-87EB-E2FA1E75024D}"
EndProject
Project("{FAE04EC0-301F-11D3-BF4B-00C04F79EFBC}") = "Tyuiu.YakimukVV.Sprint5.Task7.V24", "Tyuiu.YakimukVV.Sprint5.Task7.V24\Tyuiu.YakimukVV.Sprint5.Task7.V24.csproj", "{5CE9C34E-B36C-40B8-9D8A-135F1DD19822}"
EndProject
Project("{FAE04EC0-301F-11D3-BF4B-00C04F79EFBC}") = "Tyuiu.YakimukVV.Sprint5.Task7.V24.Test", "Tyuiu.YakimukVV.Sprint5.Task7.V24.Test\Tyuiu.YakimukVV.Sprint5.Task7.V24.Test.csproj", "{E53F0F08-4E6F-4BCC-A561-D4DBDB3C68D7}"
EndProject
Project("{FAE04EC0-301F-11D3-BF4B-00C04F79EFBC}") = "Tyuiu.YakimukVV.Sprint5.Task7.V24.Lib", "Tyuiu.YakimukVV.Sprint5.Task7.V24.Lib\Tyuiu.YakimukVV.Sprint5.Task7.V24.Lib.csproj", "{575A151D-9487-4BFE-9E99-8716D725AE44}"
EndProject
Global
	GlobalSection(SolutionConfigurationPlatforms) = preSolution
		Debug|Any CPU = Debug|Any CPU
		Release|Any CPU = Release|Any CPU
	EndGlobalSection
	GlobalSection(ProjectConfigurationPlatforms) = postSolution
		{FE850174-EB1C-44C3-9FCE-D39EF72E2134}.Debug|Any CPU.ActiveCfg = Debug|Any CPU
		{FE850174-EB1C-44C3-9FCE-D39EF72E2134}.Debug|Any CPU.Build.0 = Debug|Any CPU
		{FE850174-EB1C-44C3-9FCE-D39EF72E2134}.Release|Any CPU.ActiveCfg = Release|Any CPU
		{FE850174-EB1C-44C3-9FCE-D39EF72E2134}.Release|Any CPU.Build.0 = Release|Any CPU
		{4B9262A2-B173-4B6E-B8EF-5A1317B278DF}.Debug|Any CPU.ActiveCfg = Debug|Any CPU
		{4B9262A2-B173-4B6E-B8EF-5A1317B278DF}.Debug|Any CPU.Build.0 = Debug|Any CPU
		{4B9262A2-B173-4B6E-B8EF-5A1317B278DF}.Release|Any CPU.ActiveCfg = Release|Any CPU
		{4B9262A2-B173-4B6E-B8EF-5A1317B278DF}.Release|Any CPU.Build.0 = Release|Any CPU
		{81B341E3-3832-4FA1-895D-1FB91E1AFF8E}.Debug|Any CPU.ActiveCfg = Debug|Any CPU
		{81B341E3-3832-4FA1-895D-1FB91E1AFF8E}.Debug|Any CPU.Build.0 = Debug|Any CPU
		{81B341E3-3832-4FA1-895D-1FB91E1AFF8E}.Release|Any CPU.ActiveCfg = Release|Any CPU
		{81B341E3-3832-4FA1-895D-1FB91E1AFF8E}.Release|Any CPU.Build.0 = Release|Any CPU
		{D7D01CDD-44DD-42A4-B3EE-AD5085FF55AE}.Debug|Any CPU.ActiveCfg = Debug|Any CPU
		{D7D01CDD-44DD-42A4-B3EE-AD5085FF55AE}.Debug|Any CPU.Build.0 = Debug|Any CPU
		{D7D01CDD-44DD-42A4-B3EE-AD5085FF55AE}.Release|Any CPU.ActiveCfg = Release|Any CPU
		{D7D01CDD-44DD-42A4-B3EE-AD5085FF55AE}.Release|Any CPU.Build.0 = Release|Any CPU
		{500E08DC-B362-4665-92AD-530B5C21685B}.Debug|Any CPU.ActiveCfg = Debug|Any CPU
		{500E08DC-B362-4665-92AD-530B5C21685B}.Debug|Any CPU.Build.0 = Debug|Any CPU
		{500E08DC-B362-4665-92AD-530B5C21685B}.Release|Any CPU.ActiveCfg = Release|Any CPU
		{500E08DC-B362-4665-92AD-530B5C21685B}.Release|Any CPU.Build.0 = Release|Any CPU
		{F907F60F-7674-4A16-B060-C0DFB859DE44}.Debug|Any CPU.ActiveCfg = Debug|Any CPU
		{F907F60F-7674-4A16-B060-C0DFB859DE44}.Debug|Any CPU.Build.0 = Debug|Any CPU
		{F907F60F-7674-4A16-B060-C0DFB859DE44}.Release|Any CPU.ActiveCfg = Release|Any CPU
		{F907F60F-7674-4A16-B060-C0DFB859DE44}.Release|Any CPU.Build.0 = Release|Any CPU
		{521C3489-D1D8-4AE8-9DED-B81CEECDC540}.Debug|Any CPU.ActiveCfg = Debug|Any CPU
		{521C3489-D1D8-4AE8-9DED-B81CEECDC540}.Debug|Any CPU.Build.0 = Debug|Any CPU
		{521C3489-D1D8-4AE8-9DED-B81CEECDC540}.Release|Any CPU.ActiveCfg = Release|Any CPU
		{521C3489-D1D8-4AE8-9DED-B81CEECDC540}.Release|Any CPU.Build.0 = Release|Any CPU
		{0A965048-C4F3-4C05-B4A0-317AD452B190}.Debug|Any CPU.ActiveCfg = Debug|Any CPU
		{0A965048-C4F3-4C05-B4A0-317AD452B190}.Debug|Any CPU.Build.0 = Debug|Any CPU
		{0A965048-C4F3-4C05-B4A0-317AD452B190}.Release|Any CPU.ActiveCfg = Release|Any CPU
		{0A965048-C4F3-4C05-B4A0-317AD452B190}.Release|Any CPU.Build.0 = Release|Any CPU
		{683905F5-D034-4FBA-BDB3-60BCBA05D3F7}.Debug|Any CPU.ActiveCfg = Debug|Any CPU
		{683905F5-D034-4FBA-BDB3-60BCBA05D3F7}.Debug|Any CPU.Build.0 = Debug|Any CPU
		{683905F5-D034-4FBA-BDB3-60BCBA05D3F7}.Release|Any CPU.ActiveCfg = Release|Any CPU
		{683905F5-D034-4FBA-BDB3-60BCBA05D3F7}.Release|Any CPU.Build.0 = Release|Any CPU
		{5576765E-E621-4A0F-B055-CB1650163AEB}.Debug|Any CPU.ActiveCfg = Debug|Any CPU
		{5576765E-E621-4A0F-B055-CB1650163AEB}.Debug|Any CPU.Build.0 = Debug|Any CPU
		{5576765E-E621-4A0F-B055-CB1650163AEB}.Release|Any CPU.ActiveCfg = Release|Any CPU
		{5576765E-E621-4A0F-B055-CB1650163AEB}.Release|Any CPU.Build.0 = Release|Any CPU
		{209497F9-BBFC-4A7D-B614-A612D95C146D}.Debug|Any CPU.ActiveCfg = Debug|Any CPU
		{209497F9-BBFC-4A7D-B614-A612D95C146D}.Debug|Any CPU.Build.0 = Debug|Any CPU
		{209497F9-BBFC-4A7D-B614-A612D95C146D}.Release|Any CPU.ActiveCfg = Release|Any CPU
		{209497F9-BBFC-4A7D-B614-A612D95C146D}.Release|Any CPU.Build.0 = Release|Any CPU
		{0EAE015A-B21F-4D02-88E0-6169CA40121C}.Debug|Any CPU.ActiveCfg = Debug|Any CPU
		{0EAE015A-B21F-4D02-88E0-6169CA40121C}.Debug|Any CPU.Build.0 = Debug|Any CPU
		{0EAE015A-B21F-4D02-88E0-6169CA40121C}.Release|Any CPU.ActiveCfg = Release|Any CPU
		{0EAE015A-B21F-4D02-88E0-6169CA40121C}.Release|Any CPU.Build.0 = Release|Any CPU
		{1F3F40C1-D180-4DF5-84C6-ABBEB6170313}.Debug|Any CPU.ActiveCfg = Debug|Any CPU
		{1F3F40C1-D180-4DF5-84C6-ABBEB6170313}.Debug|Any CPU.Build.0 = Debug|Any CPU
		{1F3F40C1-D180-4DF5-84C6-ABBEB6170313}.Release|Any CPU.ActiveCfg = Release|Any CPU
		{1F3F40C1-D180-4DF5-84C6-ABBEB6170313}.Release|Any CPU.Build.0 = Release|Any CPU
		{8BC0E2AD-C75B-459F-9D1B-B68F3D79DB52}.Debug|Any CPU.ActiveCfg = Debug|Any CPU
		{8BC0E2AD-C75B-459F-9D1B-B68F3D79DB52}.Debug|Any CPU.Build.0 = Debug|Any CPU
		{8BC0E2AD-C75B-459F-9D1B-B68F3D79DB52}.Release|Any CPU.ActiveCfg = Release|Any CPU
		{8BC0E2AD-C75B-459F-9D1B-B68F3D79DB52}.Release|Any CPU.Build.0 = Release|Any CPU
		{59C863BC-B3EA-4542-BCEC-3DB053CA26C3}.Debug|Any CPU.ActiveCfg = Debug|Any CPU
		{59C863BC-B3EA-4542-BCEC-3DB053CA26C3}.Debug|Any CPU.Build.0 = Debug|Any CPU
		{59C863BC-B3EA-4542-BCEC-3DB053CA26C3}.Release|Any CPU.ActiveCfg = Release|Any CPU
		{59C863BC-B3EA-4542-BCEC-3DB053CA26C3}.Release|Any CPU.Build.0 = Release|Any CPU
		{9B94B23B-4606-429E-AC5D-FE08F0E5E798}.Debug|Any CPU.ActiveCfg = Debug|Any CPU
		{9B94B23B-4606-429E-AC5D-FE08F0E5E798}.Debug|Any CPU.Build.0 = Debug|Any CPU
		{9B94B23B-4606-429E-AC5D-FE08F0E5E798}.Release|Any CPU.ActiveCfg = Release|Any CPU
		{9B94B23B-4606-429E-AC5D-FE08F0E5E798}.Release|Any CPU.Build.0 = Release|Any CPU
		{E75C3194-D6F4-4D37-8E3F-021E900C0509}.Debug|Any CPU.ActiveCfg = Debug|Any CPU
		{E75C3194-D6F4-4D37-8E3F-021E900C0509}.Debug|Any CPU.Build.0 = Debug|Any CPU
		{E75C3194-D6F4-4D37-8E3F-021E900C0509}.Release|Any CPU.ActiveCfg = Release|Any CPU
		{E75C3194-D6F4-4D37-8E3F-021E900C0509}.Release|Any CPU.Build.0 = Release|Any CPU
		{DB2B239C-FE97-4F62-B651-ED8AD7FB6F01}.Debug|Any CPU.ActiveCfg = Debug|Any CPU
		{DB2B239C-FE97-4F62-B651-ED8AD7FB6F01}.Debug|Any CPU.Build.0 = Debug|Any CPU
		{DB2B239C-FE97-4F62-B651-ED8AD7FB6F01}.Release|Any CPU.ActiveCfg = Release|Any CPU
		{DB2B239C-FE97-4F62-B651-ED8AD7FB6F01}.Release|Any CPU.Build.0 = Release|Any CPU
		{81C50653-4483-4EC6-AD8E-382175932C58}.Debug|Any CPU.ActiveCfg = Debug|Any CPU
		{81C50653-4483-4EC6-AD8E-382175932C58}.Debug|Any CPU.Build.0 = Debug|Any CPU
		{81C50653-4483-4EC6-AD8E-382175932C58}.Release|Any CPU.ActiveCfg = Release|Any CPU
		{81C50653-4483-4EC6-AD8E-382175932C58}.Release|Any CPU.Build.0 = Release|Any CPU
		{A899B211-A09B-4DE5-881F-CE4959765D02}.Debug|Any CPU.ActiveCfg = Debug|Any CPU
		{A899B211-A09B-4DE5-881F-CE4959765D02}.Debug|Any CPU.Build.0 = Debug|Any CPU
		{A899B211-A09B-4DE5-881F-CE4959765D02}.Release|Any CPU.ActiveCfg = Release|Any CPU
		{A899B211-A09B-4DE5-881F-CE4959765D02}.Release|Any CPU.Build.0 = Release|Any CPU
		{D8DF83A5-5974-4B3F-B778-9A400F8B1867}.Debug|Any CPU.ActiveCfg = Debug|Any CPU
		{D8DF83A5-5974-4B3F-B778-9A400F8B1867}.Debug|Any CPU.Build.0 = Debug|Any CPU
		{D8DF83A5-5974-4B3F-B778-9A400F8B1867}.Release|Any CPU.ActiveCfg = Release|Any CPU
		{D8DF83A5-5974-4B3F-B778-9A400F8B1867}.Release|Any CPU.Build.0 = Release|Any CPU
		{5CE9C34E-B36C-40B8-9D8A-135F1DD19822}.Debug|Any CPU.ActiveCfg = Debug|Any CPU
		{5CE9C34E-B36C-40B8-9D8A-135F1DD19822}.Debug|Any CPU.Build.0 = Debug|Any CPU
		{5CE9C34E-B36C-40B8-9D8A-135F1DD19822}.Release|Any CPU.ActiveCfg = Release|Any CPU
		{5CE9C34E-B36C-40B8-9D8A-135F1DD19822}.Release|Any CPU.Build.0 = Release|Any CPU
		{E53F0F08-4E6F-4BCC-A561-D4DBDB3C68D7}.Debug|Any CPU.ActiveCfg = Debug|Any CPU
		{E53F0F08-4E6F-4BCC-A561-D4DBDB3C68D7}.Debug|Any CPU.Build.0 = Debug|Any CPU
		{E53F0F08-4E6F-4BCC-A561-D4DBDB3C68D7}.Release|Any CPU.ActiveCfg = Release|Any CPU
		{E53F0F08-4E6F-4BCC-A561-D4DBDB3C68D7}.Release|Any CPU.Build.0 = Release|Any CPU
		{575A151D-9487-4BFE-9E99-8716D725AE44}.Debug|Any CPU.ActiveCfg = Debug|Any CPU
		{575A151D-9487-4BFE-9E99-8716D725AE44}.Debug|Any CPU.Build.0 = Debug|Any CPU
		{575A151D-9487-4BFE-9E99-8716D725AE44}.Release|Any CPU.ActiveCfg = Release|Any CPU
		{575A151D-9487-4BFE-9E99-8716D725AE44}.Release|Any CPU.Build.0 = Release|Any CPU
	EndGlobalSection
	GlobalSection(SolutionProperties) = preSolution
		HideSolutionNode = FALSE
	EndGlobalSection
	GlobalSection(NestedProjects) = preSolution
		{FE850174-EB1C-44C3-9FCE-D39EF72E2134} = {03436931-BADB-4A73-BCF0-2F9B1B8A8B73}
		{4B9262A2-B173-4B6E-B8EF-5A1317B278DF} = {03436931-BADB-4A73-BCF0-2F9B1B8A8B73}
		{81B341E3-3832-4FA1-895D-1FB91E1AFF8E} = {03436931-BADB-4A73-BCF0-2F9B1B8A8B73}
		{D7D01CDD-44DD-42A4-B3EE-AD5085FF55AE} = {047393D8-7D9E-4E47-B7BD-634A29DD9BA5}
		{500E08DC-B362-4665-92AD-530B5C21685B} = {047393D8-7D9E-4E47-B7BD-634A29DD9BA5}
		{F907F60F-7674-4A16-B060-C0DFB859DE44} = {047393D8-7D9E-4E47-B7BD-634A29DD9BA5}
		{521C3489-D1D8-4AE8-9DED-B81CEECDC540} = {C8A43D63-FD07-4ECB-B580-420D47FFCBAA}
		{0A965048-C4F3-4C05-B4A0-317AD452B190} = {C8A43D63-FD07-4ECB-B580-420D47FFCBAA}
		{683905F5-D034-4FBA-BDB3-60BCBA05D3F7} = {C8A43D63-FD07-4ECB-B580-420D47FFCBAA}
		{5576765E-E621-4A0F-B055-CB1650163AEB} = {52BB4FB9-4076-4F7E-887E-86A8A9A1C939}
		{209497F9-BBFC-4A7D-B614-A612D95C146D} = {52BB4FB9-4076-4F7E-887E-86A8A9A1C939}
		{0EAE015A-B21F-4D02-88E0-6169CA40121C} = {52BB4FB9-4076-4F7E-887E-86A8A9A1C939}
		{1F3F40C1-D180-4DF5-84C6-ABBEB6170313} = {49DF009C-DACA-44D5-BEB9-735B85C6459C}
		{8BC0E2AD-C75B-459F-9D1B-B68F3D79DB52} = {49DF009C-DACA-44D5-BEB9-735B85C6459C}
		{59C863BC-B3EA-4542-BCEC-3DB053CA26C3} = {49DF009C-DACA-44D5-BEB9-735B85C6459C}
		{9B94B23B-4606-429E-AC5D-FE08F0E5E798} = {0514C833-5C0A-4556-92DC-65715095E322}
		{E75C3194-D6F4-4D37-8E3F-021E900C0509} = {0514C833-5C0A-4556-92DC-65715095E322}
		{DB2B239C-FE97-4F62-B651-ED8AD7FB6F01} = {0514C833-5C0A-4556-92DC-65715095E322}
		{81C50653-4483-4EC6-AD8E-382175932C58} = {912CFD80-9685-4249-BEAA-F276D773B012}
		{A899B211-A09B-4DE5-881F-CE4959765D02} = {912CFD80-9685-4249-BEAA-F276D773B012}
		{D8DF83A5-5974-4B3F-B778-9A400F8B1867} = {912CFD80-9685-4249-BEAA-F276D773B012}
		{5CE9C34E-B36C-40B8-9D8A-135F1DD19822} = {8156E6A9-8C61-4DFE-87EB-E2FA1E75024D}
		{E53F0F08-4E6F-4BCC-A561-D4DBDB3C68D7} = {8156E6A9-8C61-4DFE-87EB-E2FA1E75024D}
		{575A151D-9487-4BFE-9E99-8716D725AE44} = {8156E6A9-8C61-4DFE-87EB-E2FA1E75024D}
	EndGlobalSection
	GlobalSection(ExtensibilityGlobals) = postSolution
		SolutionGuid = {3E6470CC-6EF4-4D65-B00F-D8AA6AA32023}
	EndGlobalSection
EndGlobal
